{
  "name": "golang-wasm-async-loader",
  "version": "0.3.2",
  "lockfileVersion": 1,
  "requires": true,
  "dependencies": {
    "@types/anymatch": {
      "version": "1.3.0",
      "resolved": "https://registry.npmjs.org/@types/anymatch/-/anymatch-1.3.0.tgz",
      "integrity": "sha512-7WcbyctkE8GTzogDb0ulRAEw7v8oIS54ft9mQTU7PfM0hp5e+8kpa+HeQ7IQrFbKtJXBKcZ4bh+Em9dTw5L6AQ=="
    },
    "@types/node": {
      "version": "10.12.18",
      "resolved": "https://registry.npmjs.org/@types/node/-/node-10.12.18.tgz",
      "integrity": "sha512-fh+pAqt4xRzPfqA6eh3Z2y6fyZavRIumvjhaCL753+TVkGKGhpPeyrJG2JftD0T9q4GF00KjefsQ+PQNDdWQaQ=="
    },
    "@types/tapable": {
      "version": "1.0.4",
      "resolved": "https://registry.npmjs.org/@types/tapable/-/tapable-1.0.4.tgz",
      "integrity": "sha512-78AdXtlhpCHT0K3EytMpn4JNxaf5tbqbLcbIRoQIHzpTIyjpxLQKRoxU55ujBXAtg3Nl2h/XWvfDa9dsMOd0pQ=="
    },
    "@types/uglify-js": {
      "version": "3.0.4",
      "resolved": "https://registry.npmjs.org/@types/uglify-js/-/uglify-js-3.0.4.tgz",
      "integrity": "sha512-SudIN9TRJ+v8g5pTG8RRCqfqTMNqgWCKKd3vtynhGzkIIjxaicNAMuY5TRadJ6tzDu3Dotf3ngaMILtmOdmWEQ==",
      "requires": {
        "source-map": "0.6.1"
      }
    },
    "@types/webpack": {
      "version": "4.4.23",
      "resolved": "https://registry.npmjs.org/@types/webpack/-/webpack-4.4.23.tgz",
      "integrity": "sha512-WswyG+2mRg0ul/ytPpCSWo+kOlVVPW/fKCBEVwqmPVC/2ffWEwhsCEQgnFbWDf8EWId2qGcpL623EjLfNTRk9A==",
      "requires": {
        "@types/anymatch": "1.3.0",
        "@types/node": "10.12.18",
        "@types/tapable": "1.0.4",
        "@types/uglify-js": "3.0.4",
        "source-map": "0.6.1"
      }
    },
    "source-map": {
      "version": "0.6.1",
      "resolved": "https://registry.npmjs.org/source-map/-/source-map-0.6.1.tgz",
      "integrity": "sha512-UjgapumWlbMhkBgzT7Ykc5YXUT46F0iKu8SGXq0bcwP5dz/h0Plj6enJqjz1Zbq2l5WaqYnrVbwWOWMyF3F47g=="
    },
    "typescript": {
      "version": "3.2.4",
      "resolved": "https://registry.npmjs.org/typescript/-/typescript-3.2.4.tgz",
      "integrity": "sha512-0RNDbSdEokBeEAkgNbxJ+BLwSManFy9TeXz8uW+48j/xhEXv1ePME60olyzw2XzUqUBNAYFeJadIqAgNqIACwg==",
      "dev": true
    }
  }
}
